{
  "requires": true,
  "lockfileVersion": 1,
  "dependencies": {
    "acorn": {
      "version": "7.1.1",
      "resolved": "https://registry.npm.taobao.org/acorn/download/acorn-7.1.1.tgz?cache=0&sync_timestamp=1583066442663&other_urls=https%3A%2F%2Fregistry.npm.taobao.org%2Facorn%2Fdownload%2Facorn-7.1.1.tgz",
      "integrity": "sha1-41Zo3gtALzWd5RXFSCoaufiaab8="
    },
    "acorn-jsx": {
      "version": "5.2.0",
      "resolved": "https://registry.npm.taobao.org/acorn-jsx/download/acorn-jsx-5.2.0.tgz",
      "integrity": "sha1-TGYGkXPW/daO2FI5/CViJhgrLr4="
    },
    "debug": {
      "version": "4.1.1",
      "resolved": "https://registry.npm.taobao.org/debug/download/debug-4.1.1.tgz",
      "integrity": "sha1-O3ImAlUQnGtYnO4FDx1RYTlmR5E=",
      "requires": {
        "ms": "^2.1.1"
      }
    },
    "eslint-plugin-vue": {
      "version": "6.2.1",
      "resolved": "https://registry.npm.taobao.org/eslint-plugin-vue/download/eslint-plugin-vue-6.2.1.tgz?cache=0&sync_timestamp=1581946895490&other_urls=https%3A%2F%2Fregistry.npm.taobao.org%2Feslint-plugin-vue%2Fdownload%2Feslint-plugin-vue-6.2.1.tgz",
      "integrity": "sha1-yoAt9cMxRq7R5WuyHSUMGrthIKM=",
      "requires": {
        "natural-compare": "^1.4.0",
        "semver": "^5.6.0",
        "vue-eslint-parser": "^7.0.0"
      }
    },
    "eslint-scope": {
      "version": "5.0.0",
      "resolved": "https://registry.npm.taobao.org/eslint-scope/download/eslint-scope-5.0.0.tgz",
      "integrity": "sha1-6HyIh8c+jR7ITxylkWRcNYv8j7k=",
      "requires": {
        "esrecurse": "^4.1.0",
        "estraverse": "^4.1.1"
      }
    },
    "eslint-visitor-keys": {
      "version": "1.1.0",
      "resolved": "https://registry.npm.taobao.org/eslint-visitor-keys/download/eslint-visitor-keys-1.1.0.tgz",
      "integrity": "sha1-4qgs6oT/JGrW+1f5veW0ZiFFnsI="
    },
    "espree": {
      "version": "6.2.0",
      "resolved": "https://registry.npm.taobao.org/espree/download/espree-6.2.0.tgz?cache=0&sync_timestamp=1583168748616&other_urls=https%3A%2F%2Fregistry.npm.taobao.org%2Fespree%2Fdownload%2Fespree-6.2.0.tgz",
      "integrity": "sha1-NJ/vAaICu6sEd0gwDes3+kTaedc=",
      "requires": {
        "acorn": "^7.1.0",
        "acorn-jsx": "^5.2.0",
        "eslint-visitor-keys": "^1.1.0"
      }
    },
    "esquery": {
      "version": "1.1.0",
      "resolved": "https://registry.npm.taobao.org/esquery/download/esquery-1.1.0.tgz?cache=0&other_urls=https%3A%2F%2Fregistry.npm.taobao.org%2Fesquery%2Fdownload%2Fesquery-1.1.0.tgz",
      "integrity": "sha1-xcC2bzg+dlZAT4azEzTXJSTt20g=",
      "requires": {
        "estraverse": "^4.0.0"
      }
    },
    "esrecurse": {
      "version": "4.2.1",
      "resolved": "https://registry.npm.taobao.org/esrecurse/download/esrecurse-4.2.1.tgz",
      "integrity": "sha1-AHo7n9vCs7uH5IeeoZyS/b05Qs8=",
      "requires": {
        "estraverse": "^4.1.0"
      }
    },
    "estraverse": {
      "version": "4.3.0",
      "resolved": "https://registry.npm.taobao.org/estraverse/download/estraverse-4.3.0.tgz",
      "integrity": "sha1-OYrT88WiSUi+dyXoPRGn3ijNvR0="
    },
    "lodash": {
      "version": "4.17.15",
      "resolved": "https://registry.npm.taobao.org/lodash/download/lodash-4.17.15.tgz",
      "integrity": "sha1-tEf2ZwoEVbv+7dETku/zMOoJdUg="
    },
    "ms": {
      "version": "2.1.2",
      "resolved": "https://registry.npm.taobao.org/ms/download/ms-2.1.2.tgz",
      "integrity": "sha1-0J0fNXtEP0kzgqjrPM0YOHKuYAk="
    },
    "natural-compare": {
      "version": "1.4.0",
      "resolved": "https://registry.npm.taobao.org/natural-compare/download/natural-compare-1.4.0.tgz",
      "integrity": "sha1-Sr6/7tdUHywnrPspvbvRXI1bpPc="
    },
    "semver": {
      "version": "5.7.1",
      "resolved": "https://registry.npm.taobao.org/semver/download/semver-5.7.1.tgz",
      "integrity": "sha1-qVT5Ma66UI0we78Gnv8MAclhFvc="
    },
    "vue-eslint-parser": {
      "version": "7.0.0",
      "resolved": "https://registry.npm.taobao.org/vue-eslint-parser/download/vue-eslint-parser-7.0.0.tgz",
      "integrity": "sha1-pO0mafhxed7dBq/dhzasuzo4ZNY=",
      "requires": {
        "debug": "^4.1.1",
        "eslint-scope": "^5.0.0",
        "eslint-visitor-keys": "^1.1.0",
        "espree": "^6.1.2",
        "esquery": "^1.0.1",
        "lodash": "^4.17.15"
      }
    }
  }
}
